dependencies:
- name: seaweedfs
  repository: https://seaweedfs.github.io/seaweedfs/helm
  version: "3.55"
- name: postgresql
  repository: https://charts.bitnami.com/bitnami
  version: 12.6.5
- name: rabbitmq
  repository: https://charts.bitnami.com/bitnami
  version: 12.0.9
- name: prometheus
  repository: https://charts.bitnami.com/bitnami
  version: 0.1.6
digest: sha256:1e3120417a1219241957c2f2918d179b9a8ce36a338d1a1a1ab2330222feccfb
generated: "2023-11-17T10:50:24.183027421+01:00"
