dependencies:
- name: seaweedfs
  repository: https://seaweedfs.github.io/seaweedfs/helm
  version: "3.55"
- name: postgresql
  repository: https://charts.bitnami.com/bitnami
  version: 12.6.5
- name: rabbitmq
  repository: https://charts.bitnami.com/bitnami
  version: 12.0.9
- name: prometheus
  repository: https://charts.bitnami.com/bitnami
  version: 0.1.6
- name: kube-state-metrics
  repository: https://charts.bitnami.com/bitnami
  version: 3.5.8
digest: sha256:83a7a34780fb6b077d5731941d59c52ce3f26735028a27a801adbe26eb25dc83
generated: "2023-11-20T08:58:05.737545426+01:00"
