dependencies:
- name: rabbitmq
  repository: https://charts.bitnami.com/bitnami
  version: 8.29.0
- name: postgresql
  repository: https://charts.bitnami.com/bitnami
  version: 10.15.0
digest: sha256:d809768e6e0e10dd7721cf03673254b3892237b78489e61fdbfa95914703907d
generated: "2022-11-08T12:25:42.370951+06:00"
